Microsoft Visual Studio Solution File, Format Version 12.00
# Visual Studio Version 17
VisualStudioVersion = 17.5.2.0
MinimumVisualStudioVersion = 10.0.40219.1
Project("{FAE04EC0-301F-11D3-BF4B-00C04F79EFBC}") = "CSharpFaceRecognition", "CSharpFaceRecognition.csproj", "{8B0F7B7C-B723-ED8F-A55F-4ADBE50994DC}"
EndProject
Project("{2150E333-8FDC-42A3-9474-1A3956D46DE8}") = "Tools", "Tools", "{07C2787E-EAC7-C090-1BA3-A61EC2A24D84}"
EndProject
Global
	GlobalSection(SolutionConfigurationPlatforms) = preSolution
		Debug|Any CPU = Debug|Any CPU
		Release|Any CPU = Release|Any CPU
	EndGlobalSection
	GlobalSection(ProjectConfigurationPlatforms) = postSolution
		{8B0F7B7C-B723-ED8F-A55F-4ADBE50994DC}.Debug|Any CPU.ActiveCfg = Debug|Any CPU
		{8B0F7B7C-B723-ED8F-A55F-4ADBE50994DC}.Debug|Any CPU.Build.0 = Debug|Any CPU
		{8B0F7B7C-B723-ED8F-A55F-4ADBE50994DC}.Release|Any CPU.ActiveCfg = Release|Any CPU
		{8B0F7B7C-B723-ED8F-A55F-4ADBE50994DC}.Release|Any CPU.Build.0 = Release|Any CPU
	EndGlobalSection
	GlobalSection(SolutionProperties) = preSolution
		HideSolutionNode = FALSE
	EndGlobalSection
	GlobalSection(NestedProjects) = preSolution
	EndGlobalSection
	GlobalSection(ExtensibilityGlobals) = postSolution
		SolutionGuid = {B4959586-865E-4917-A362-D78A72228330}
	EndGlobalSection
EndGlobal
